
Microsoft Visual Studio Solution File, Format Version 12.00
# Visual Studio 15
VisualStudioVersion = 15.0.26228.4
MinimumVisualStudioVersion = 10.0.40219.1
Project("{FAE04EC0-301F-11D3-BF4B-00C04F79EFBC}") = "MyMahjong", "MyMahjong\MyMahjong.csproj", "{9F5BE314-FCBF-4A9C-AA35-1F00DD5427C9}"
EndProject
Project("{FAE04EC0-301F-11D3-BF4B-00C04F79EFBC}") = "MyMahjongWPF", "MyMahjongWPF\MyMahjongWPF.csproj", "{31D9CBF2-E500-473A-81B8-12CDC2EECF1F}"
EndProject
Project("{FAE04EC0-301F-11D3-BF4B-00C04F79EFBC}") = "HandCheckToolWPF", "HandCheckToolWPF\HandCheckToolWPF.csproj", "{83E5AE6E-E297-4BA8-8033-1FFB9FF9BF01}"
EndProject
Global
	GlobalSection(SolutionConfigurationPlatforms) = preSolution
		Debug|Any CPU = Debug|Any CPU
		Release|Any CPU = Release|Any CPU
	EndGlobalSection
	GlobalSection(ProjectConfigurationPlatforms) = postSolution
		{9F5BE314-FCBF-4A9C-AA35-1F00DD5427C9}.Debug|Any CPU.ActiveCfg = Debug|Any CPU
		{9F5BE314-FCBF-4A9C-AA35-1F00DD5427C9}.Debug|Any CPU.Build.0 = Debug|Any CPU
		{9F5BE314-FCBF-4A9C-AA35-1F00DD5427C9}.Release|Any CPU.ActiveCfg = Release|Any CPU
		{9F5BE314-FCBF-4A9C-AA35-1F00DD5427C9}.Release|Any CPU.Build.0 = Release|Any CPU
		{31D9CBF2-E500-473A-81B8-12CDC2EECF1F}.Debug|Any CPU.ActiveCfg = Debug|Any CPU
		{31D9CBF2-E500-473A-81B8-12CDC2EECF1F}.Debug|Any CPU.Build.0 = Debug|Any CPU
		{31D9CBF2-E500-473A-81B8-12CDC2EECF1F}.Release|Any CPU.ActiveCfg = Release|Any CPU
		{31D9CBF2-E500-473A-81B8-12CDC2EECF1F}.Release|Any CPU.Build.0 = Release|Any CPU
		{83E5AE6E-E297-4BA8-8033-1FFB9FF9BF01}.Debug|Any CPU.ActiveCfg = Debug|Any CPU
		{83E5AE6E-E297-4BA8-8033-1FFB9FF9BF01}.Debug|Any CPU.Build.0 = Debug|Any CPU
		{83E5AE6E-E297-4BA8-8033-1FFB9FF9BF01}.Release|Any CPU.ActiveCfg = Release|Any CPU
		{83E5AE6E-E297-4BA8-8033-1FFB9FF9BF01}.Release|Any CPU.Build.0 = Release|Any CPU
	EndGlobalSection
	GlobalSection(SolutionProperties) = preSolution
		HideSolutionNode = FALSE
	EndGlobalSection
EndGlobal
